
Microsoft Visual Studio Solution File, Format Version 12.00
# Visual Studio 2012
VisualStudioVersion = 12.0.31101.0
MinimumVisualStudioVersion = 10.0.40219.1
Project("{FAE04EC0-301F-11D3-BF4B-00C04F79EFBC}") = "webhose", "webhose\webhose.csproj", "{B1F31BDF-EA67-463D-AB64-B054FEAC4B39}"
EndProject
Project("{2150E333-8FDC-42A3-9474-1A3956D46DE8}") = "Solution Items", "Solution Items", "{7EBC5F78-7440-4131-B7C5-9401B844C4A3}"
	ProjectSection(SolutionItems) = preProject
		.gitignore = .gitignore
		LICENSE = LICENSE
		README.md = README.md
	EndProjectSection
EndProject
Project("{2150E333-8FDC-42A3-9474-1A3956D46DE8}") = "Examples", "Examples", "{4EB28643-5F46-4E01-B144-BD2CBADF5650}"
EndProject
Project("{FAE04EC0-301F-11D3-BF4B-00C04F79EFBC}") = "TestingWebhoseExample", "Examples\TestingWebhoseExample\TestingWebhoseExample.csproj", "{9A839166-7248-4FFD-A959-661CB4800F1F}"
EndProject
Global
	GlobalSection(SolutionConfigurationPlatforms) = preSolution
		Debug|Any CPU = Debug|Any CPU
		Release|Any CPU = Release|Any CPU
	EndGlobalSection
	GlobalSection(ProjectConfigurationPlatforms) = postSolution
		{9A839166-7248-4FFD-A959-661CB4800F1F}.Debug|Any CPU.ActiveCfg = Debug|Any CPU
		{9A839166-7248-4FFD-A959-661CB4800F1F}.Debug|Any CPU.Build.0 = Debug|Any CPU
		{9A839166-7248-4FFD-A959-661CB4800F1F}.Release|Any CPU.ActiveCfg = Release|Any CPU
		{9A839166-7248-4FFD-A959-661CB4800F1F}.Release|Any CPU.Build.0 = Release|Any CPU
		{B1F31BDF-EA67-463D-AB64-B054FEAC4B39}.Debug|Any CPU.ActiveCfg = Debug|Any CPU
		{B1F31BDF-EA67-463D-AB64-B054FEAC4B39}.Debug|Any CPU.Build.0 = Debug|Any CPU
		{B1F31BDF-EA67-463D-AB64-B054FEAC4B39}.Release|Any CPU.ActiveCfg = Release|Any CPU
		{B1F31BDF-EA67-463D-AB64-B054FEAC4B39}.Release|Any CPU.Build.0 = Release|Any CPU
	EndGlobalSection
	GlobalSection(NestedProjects) = preSolution
		{9A839166-7248-4FFD-A959-661CB4800F1F} = {4EB28643-5F46-4E01-B144-BD2CBADF5650}
	EndGlobalSection
	GlobalSection(MonoDevelopProperties) = preSolution
		Policies = $0
		$0.DotNetNamingPolicy = $1
		$1.DirectoryNamespaceAssociation = None
		$1.ResourceNamePolicy = FileFormatDefault
		$0.StandardHeader = $2
		$2.Text = 
		$2.IncludeInNewFiles = True
		$0.NameConventionPolicy = $3
		$3.Rules = $4
		$4.NamingRule = $5
		$5.AffectedEntity = None
		$5.VisibilityMask = VisibilityMask
		$5.NamingStyle = None
		$5.IncludeInstanceMembers = True
		$5.IncludeStaticEntities = True
	EndGlobalSection
	GlobalSection(SolutionProperties) = preSolution
		HideSolutionNode = FALSE
	EndGlobalSection
EndGlobal
